{
  "name": "material-gradient-generator",
  "version": "1.2.14",
  "lockfileVersion": 1,
  "requires": true,
  "dependencies": {
    "@types/node": {
      "version": "14.6.0",
      "resolved": "https://registry.npmjs.org/@types/node/-/node-14.6.0.tgz",
      "integrity": "sha512-mikldZQitV94akrc4sCcSjtJfsTKt4p+e/s0AGscVA6XArQ9kFclP+ZiYUMnq987rc6QlYxXv/EivqlfSLxpKA=="
    },
    "material-ui-colors": {
      "version": "1.0.0",
      "resolved": "https://registry.npmjs.org/material-ui-colors/-/material-ui-colors-1.0.0.tgz",
      "integrity": "sha512-3VqwlQrWIs9vP4hsV9Zj9wLGlb1tSBidzX5HCk6EKH/B2dsIYFuTQivmn3QpBvukod/K1vFh+fHxJVsfYM1JgQ=="
    },
    "typescript": {
      "version": "4.0.2",
      "resolved": "https://registry.npmjs.org/typescript/-/typescript-4.0.2.tgz",
      "integrity": "sha512-e4ERvRV2wb+rRZ/IQeb3jm2VxBsirQLpQhdxplZ2MEzGvDkkMmPglecnNDfSUBivMjP93vRbngYYDQqQ/78bcQ==",
      "dev": true
    }
  }
}
